
Microsoft Visual Studio Solution File, Format Version 12.00
# Visual Studio 2012
Project("{8BC9CEB8-8B4A-11D0-8D11-00A0C91BC942}") = "1.namespace", "20130913\20130913.vcxproj", "{A764D76E-8AEE-46C9-B5BD-5AE6673C8234}"
EndProject
Project("{8BC9CEB8-8B4A-11D0-8D11-00A0C91BC942}") = "2.overloading", "20130913_2\20130913_2.vcxproj", "{5B9F3CAA-633D-4D6D-87AF-3C4781D27E7C}"
EndProject
Project("{8BC9CEB8-8B4A-11D0-8D11-00A0C91BC942}") = "AscIIcode", "AscIIcode\AscIIcode.vcxproj", "{37C10B52-F4A6-442E-A450-95F9DED9720B}"
EndProject
Project("{8BC9CEB8-8B4A-11D0-8D11-00A0C91BC942}") = "McromediaFunction", "McromediaFunction\McromediaFunction.vcxproj", "{7F2EB75E-8F61-4C93-8022-CC6738536D30}"
EndProject
Project("{8BC9CEB8-8B4A-11D0-8D11-00A0C91BC942}") = "inlinefunction", "inlinefunction\inlinefunction.vcxproj", "{00902D44-CA8B-48F2-9E78-DC9EE51BC1D6}"
EndProject
Project("{8BC9CEB8-8B4A-11D0-8D11-00A0C91BC942}") = "Reference", "Reference\Reference.vcxproj", "{A5C35891-3E0D-4CAE-9D12-029A81A60294}"
EndProject
Project("{8BC9CEB8-8B4A-11D0-8D11-00A0C91BC942}") = "ConstPointer", "ConstPointer\ConstPointer.vcxproj", "{C9B492B2-7F65-4EB1-BD39-39684E9B8190}"
EndProject
Project("{2150E333-8FDC-42A3-9474-1A3956D46DE8}") = "20130913", "20130913", "{A3D52C9B-5BDA-4074-9A30-6F82A200B1A3}"
EndProject
Project("{2150E333-8FDC-42A3-9474-1A3956D46DE8}") = "20131004", "20131004", "{A90196D4-A7F1-4CF5-9A2D-53159ABAA78A}"
EndProject
Project("{8BC9CEB8-8B4A-11D0-8D11-00A0C91BC942}") = "1.CopyConstructor", "CopyConstructor\CopyConstructor.vcxproj", "{110320B1-08FA-4938-88CA-C5EB4A747BBC}"
EndProject
Project("{8BC9CEB8-8B4A-11D0-8D11-00A0C91BC942}") = "2.ShallowCopyDeepCopy", "CopyConstructor_2\CopyConstructor_2.vcxproj", "{944491AF-022C-4EDD-A057-540FC6A13732}"
EndProject
Project("{8BC9CEB8-8B4A-11D0-8D11-00A0C91BC942}") = "3.ConstMemberVar", "ConstMemberVar\ConstMemberVar.vcxproj", "{0A0B3085-BEF3-4BE5-A082-4FC6274EF594}"
EndProject
Project("{8BC9CEB8-8B4A-11D0-8D11-00A0C91BC942}") = "4.StaticMember", "StaticMember\StaticMember.vcxproj", "{23208B63-7729-42D4-BDAA-9926BC327BCF}"
EndProject
Project("{8BC9CEB8-8B4A-11D0-8D11-00A0C91BC942}") = "5.Friend", "Friend\Friend.vcxproj", "{12C3D4B4-C145-4F56-A8A8-044EE13D1ABC}"
EndProject
Project("{2150E333-8FDC-42A3-9474-1A3956D46DE8}") = "inheritanceANDpolymorphism", "inheritanceANDpolymorphism", "{BBF6ACA0-5469-4F4C-A72F-A76C3416CEE3}"
EndProject
Project("{8BC9CEB8-8B4A-11D0-8D11-00A0C91BC942}") = "0.intro", "intro\intro.vcxproj", "{CB9B95FA-5640-405A-8866-A28F0AC027E2}"
EndProject
Project("{8BC9CEB8-8B4A-11D0-8D11-00A0C91BC942}") = "1.Inheritance", "Inheritance\Inheritance.vcxproj", "{B64F95EB-CA4C-4ED7-85FB-8804169B8BD1}"
EndProject
Project("{8BC9CEB8-8B4A-11D0-8D11-00A0C91BC942}") = "2.Inheritance", "2.Inheritance\2.Inheritance.vcxproj", "{2F54D540-A5F6-4B33-B1AC-980A1D336924}"
EndProject
Project("{8BC9CEB8-8B4A-11D0-8D11-00A0C91BC942}") = "3.employeeProblem", "employeeProblem\employeeProblem.vcxproj", "{C5E2C9B4-D2CF-494D-A5DF-E3376AA88783}"
EndProject
Project("{8BC9CEB8-8B4A-11D0-8D11-00A0C91BC942}") = "4.employeeProblem.2", "employeeProblem.2\employeeProblem.2.vcxproj", "{C508FC3C-69C3-4A34-BBCA-1BD81F7556E0}"
EndProject
Project("{8BC9CEB8-8B4A-11D0-8D11-00A0C91BC942}") = "5.Multiple", "Multiple\Multiple.vcxproj", "{58A5A517-795E-4F0C-A34D-C5721EA11EE9}"
EndProject
Project("{8BC9CEB8-8B4A-11D0-8D11-00A0C91BC942}") = "Test", "Test\Test.vcxproj", "{EC81CA04-805C-4AD8-8193-CB179CA5DEDA}"
EndProject
Project("{2150E333-8FDC-42A3-9474-1A3956D46DE8}") = "20131018", "20131018", "{7209D454-9C69-4A01-BF6B-A374D4CD052D}"
EndProject
Project("{8BC9CEB8-8B4A-11D0-8D11-00A0C91BC942}") = "1.ADTEx", "1.ADTEx\1.ADTEx.vcxproj", "{608F6555-DB7E-4A45-8E91-7C74DFC57464}"
EndProject
Project("{8BC9CEB8-8B4A-11D0-8D11-00A0C91BC942}") = "2.OperatorEx", "2.OperatorEx\2.OperatorEx.vcxproj", "{D59965C8-049F-45AB-A790-8FFB7C14BBD7}"
EndProject
Project("{8BC9CEB8-8B4A-11D0-8D11-00A0C91BC942}") = "3.Array", "3.Array\3.Array.vcxproj", "{7DAFA119-F0EC-456A-A48E-B7F1F1D4DFFD}"
EndProject
Project("{8BC9CEB8-8B4A-11D0-8D11-00A0C91BC942}") = "4.String", "4.String\4.String.vcxproj", "{EDEA16CD-9934-4E16-AB2E-C2B59B5562EA}"
EndProject
Project("{8BC9CEB8-8B4A-11D0-8D11-00A0C91BC942}") = "5.String-2", "5.String-2\5.String-2.vcxproj", "{EEFA3E32-AC4F-4CD9-8B3A-B9142F908AAD}"
EndProject
Project("{2150E333-8FDC-42A3-9474-1A3956D46DE8}") = "20131101", "20131101", "{FD32257D-BFF3-4381-AA9B-925C8727E5F7}"
EndProject
Project("{8BC9CEB8-8B4A-11D0-8D11-00A0C91BC942}") = "1.TemplateEx", "TemplateEx\TemplateEx.vcxproj", "{8046CB9E-7A8B-49C1-85E3-7C7D69322715}"
EndProject
Project("{8BC9CEB8-8B4A-11D0-8D11-00A0C91BC942}") = "2.TemplateEx", "2.TemplateEx\2.TemplateEx.vcxproj", "{CAA1653A-6394-4D13-8CB1-E1300DCB118F}"
EndProject
Project("{8BC9CEB8-8B4A-11D0-8D11-00A0C91BC942}") = "3.List", "3.List\3.List.vcxproj", "{3760D880-BB78-47B8-8E74-8D23675EC1D9}"
EndProject
Project("{8BC9CEB8-8B4A-11D0-8D11-00A0C91BC942}") = "4.Vector", "4.Vector\4.Vector.vcxproj", "{856DFE88-9B27-4F24-8091-5AC841E04606}"
EndProject
Project("{8BC9CEB8-8B4A-11D0-8D11-00A0C91BC942}") = "5.List", "5.List\5.List.vcxproj", "{D053AB8A-43B9-4DD0-ACB0-51A220B6B119}"
EndProject
Project("{8BC9CEB8-8B4A-11D0-8D11-00A0C91BC942}") = "6.Stack", "6.Stack\6.Stack.vcxproj", "{28BB7073-EC78-40FD-B76B-FB7FE438CB2C}"
EndProject
Project("{2150E333-8FDC-42A3-9474-1A3956D46DE8}") = "20131108", "20131108", "{DE891505-6D34-4026-B9E1-E1D85BC90BEC}"
EndProject
Project("{8BC9CEB8-8B4A-11D0-8D11-00A0C91BC942}") = "1.LinkedList", "1.LinkedList\1.LinkedList.vcxproj", "{6574E732-78E3-4967-A875-495D7B9E52B8}"
EndProject
Project("{2150E333-8FDC-42A3-9474-1A3956D46DE8}") = "20131115", "20131115", "{9D9AF26B-1E25-46E0-B636-5931242ABB0B}"
EndProject
Project("{8BC9CEB8-8B4A-11D0-8D11-00A0C91BC942}") = "1.LinkedList2", "1.LinkedList2\1.LinkedList2.vcxproj", "{7A8F8C07-8786-467F-ACD0-E26D0077476C}"
EndProject
Project("{8BC9CEB8-8B4A-11D0-8D11-00A0C91BC942}") = "2.Itorater", "2.Itorater\2.Itorater.vcxproj", "{15778A58-0C71-4DDF-AC0A-6629F65CECF7}"
EndProject
Project("{8BC9CEB8-8B4A-11D0-8D11-00A0C91BC942}") = "3.STL_Tutorial", "3.STL_Tutorial\3.STL_Tutorial.vcxproj", "{B97CD059-E431-4683-8F80-99965D314F9C}"
EndProject
Project("{8BC9CEB8-8B4A-11D0-8D11-00A0C91BC942}") = "4.STL_2Dementions", "4.STL_2Dementions\4.STL_2Dementions.vcxproj", "{8BA435C3-E601-4CE9-A86F-DDDCF7E0F14A}"
EndProject
Project("{8BC9CEB8-8B4A-11D0-8D11-00A0C91BC942}") = "5.STL_3Dementions", "5.STL_3Dementions\5.STL_3Dementions.vcxproj", "{7BDDDD62-C39B-4BFB-9053-11F39381CB26}"
EndProject
Project("{8BC9CEB8-8B4A-11D0-8D11-00A0C91BC942}") = "6.STL_2Dementions_2", "6.STL_2Dementions_2\6.STL_2Dementions_2.vcxproj", "{522A4F6A-2CB5-4980-BA64-D7A0FD92D355}"
EndProject
Project("{8BC9CEB8-8B4A-11D0-8D11-00A0C91BC942}") = "7.STL_List", "7.STL_List\7.STL_List.vcxproj", "{FE7329B9-D0C6-4B0A-9FE2-C35A6CD32903}"
EndProject
Project("{8BC9CEB8-8B4A-11D0-8D11-00A0C91BC942}") = "8.Exception", "8.Exception\8.Exception.vcxproj", "{58EBE6F3-7725-4D21-8FB6-25D9F94F21CF}"
EndProject
Project("{2150E333-8FDC-42A3-9474-1A3956D46DE8}") = "20131122", "20131122", "{3239A4D5-6A99-4D9E-AF63-510B8CB7CD6A}"
EndProject
Project("{8BC9CEB8-8B4A-11D0-8D11-00A0C91BC942}") = "1.exception", "1.exception\1.exception.vcxproj", "{CCCA22BE-31E0-4654-9155-E3CA4CB469BA}"
EndProject
Project("{8BC9CEB8-8B4A-11D0-8D11-00A0C91BC942}") = "2.exception", "2.exception\2.exception.vcxproj", "{B8B19C94-F9F2-4A7F-87AC-E3941EF3761C}"
EndProject
Project("{8BC9CEB8-8B4A-11D0-8D11-00A0C91BC942}") = "3.TriangleException", "3.TriangleException\3.TriangleException.vcxproj", "{A60F9F46-37FF-4339-BBD9-F70A270E1518}"
EndProject
Project("{8BC9CEB8-8B4A-11D0-8D11-00A0C91BC942}") = "4.CPPFileIO", "4.CPPFileIO\4.CPPFileIO.vcxproj", "{0DC88907-8D75-4E8C-8A00-1B1D8F01CB91}"
EndProject
Project("{8BC9CEB8-8B4A-11D0-8D11-00A0C91BC942}") = "5.CPPFileIO", "5.CPPFileIO\5.CPPFileIO.vcxproj", "{33911B5A-5D6F-4E5A-9EB8-179BEF4F9394}"
EndProject
Project("{8BC9CEB8-8B4A-11D0-8D11-00A0C91BC942}") = "6.CPPFileIO", "6.CPPFileIO\6.CPPFileIO.vcxproj", "{3A117E50-2636-4B51-AC3D-63FC2A759949}"
EndProject
Project("{2150E333-8FDC-42A3-9474-1A3956D46DE8}") = "20131130", "20131130", "{C0AA855A-5AB7-4CAD-8770-DC0ED0059F5F}"
EndProject
Project("{8BC9CEB8-8B4A-11D0-8D11-00A0C91BC942}") = "1.CPPFileIOCopy", "1.CPPFileIOCopy\1.CPPFileIOCopy.vcxproj", "{32B3C2E0-4743-45DB-ADA5-E50D1C366ACD}"
EndProject
Project("{8BC9CEB8-8B4A-11D0-8D11-00A0C91BC942}") = "2.CPPFileIOCopy", "2.CPPFileIOCopy\2.CPPFileIOCopy.vcxproj", "{1E846624-E0B0-44BE-B8A3-7980DEFB2F1F}"
EndProject
Project("{8BC9CEB8-8B4A-11D0-8D11-00A0C91BC942}") = "3.CPPFileIOFlagCheck", "3.CPPFileIOFlagCheck\3.CPPFileIOFlagCheck.vcxproj", "{78FCA68D-F077-447E-AA98-2CEAB9CC5C69}"
EndProject
Project("{8BC9CEB8-8B4A-11D0-8D11-00A0C91BC942}") = "4.CPPFileIOBinary", "4.CPPFileIOBinary\4.CPPFileIOBinary.vcxproj", "{018C1294-7A5A-403C-A4D5-7BD787A64B49}"
EndProject
Project("{8BC9CEB8-8B4A-11D0-8D11-00A0C91BC942}") = "5.CPPFileIOReinterpret", "5.CPPFileIOReinterpret\5.CPPFileIOReinterpret.vcxproj", "{F6A23D10-BD8C-4907-9E3A-384874E6874D}"
EndProject
Project("{2150E333-8FDC-42A3-9474-1A3956D46DE8}") = "20131206", "20131206", "{3C2F6452-8345-4C5E-96FC-6B12547199F7}"
EndProject
Project("{8BC9CEB8-8B4A-11D0-8D11-00A0C91BC942}") = "1.CPPFileIOBinary2", "1.CPPFileIOBinary2\1.CPPFileIOBinary2.vcxproj", "{84F4AB42-4818-4497-A69F-5E5E4176E809}"
EndProject
Project("{8BC9CEB8-8B4A-11D0-8D11-00A0C91BC942}") = "2.CPPFileIOClassObject", "2.CPPFileIOClassObject\2.CPPFileIOClassObject.vcxproj", "{57192B47-A0D3-4B3D-A962-7C2CC9F73B00}"
EndProject
Project("{8BC9CEB8-8B4A-11D0-8D11-00A0C91BC942}") = "3.CPPFileIOClassObject2", "3.CPPFileIOClassObject2\3.CPPFileIOClassObject2.vcxproj", "{102D9245-088A-4C0C-B4B8-A08AC11CDC78}"
EndProject
Project("{8BC9CEB8-8B4A-11D0-8D11-00A0C91BC942}") = "4.CPPFileIOClassObject3", "4.CPPFileIOClassObject3\4.CPPFileIOClassObject3.vcxproj", "{ABDCBC89-7F3B-424C-A755-956A8E976738}"
EndProject
Project("{8BC9CEB8-8B4A-11D0-8D11-00A0C91BC942}") = "5.CPPFileIOClassObject4", "5.CPPFileIOClassObject4\5.CPPFileIOClassObject4.vcxproj", "{EC9D65F5-DFB5-46AC-8C7B-C05A3C2B04E6}"
EndProject
Global
	GlobalSection(SolutionConfigurationPlatforms) = preSolution
		Debug|Win32 = Debug|Win32
		Release|Win32 = Release|Win32
	EndGlobalSection
	GlobalSection(ProjectConfigurationPlatforms) = postSolution
		{A764D76E-8AEE-46C9-B5BD-5AE6673C8234}.Debug|Win32.ActiveCfg = Debug|Win32
		{A764D76E-8AEE-46C9-B5BD-5AE6673C8234}.Debug|Win32.Build.0 = Debug|Win32
		{A764D76E-8AEE-46C9-B5BD-5AE6673C8234}.Release|Win32.ActiveCfg = Release|Win32
		{5B9F3CAA-633D-4D6D-87AF-3C4781D27E7C}.Debug|Win32.ActiveCfg = Debug|Win32
		{5B9F3CAA-633D-4D6D-87AF-3C4781D27E7C}.Debug|Win32.Build.0 = Debug|Win32
		{5B9F3CAA-633D-4D6D-87AF-3C4781D27E7C}.Release|Win32.ActiveCfg = Release|Win32
		{37C10B52-F4A6-442E-A450-95F9DED9720B}.Debug|Win32.ActiveCfg = Debug|Win32
		{37C10B52-F4A6-442E-A450-95F9DED9720B}.Debug|Win32.Build.0 = Debug|Win32
		{37C10B52-F4A6-442E-A450-95F9DED9720B}.Release|Win32.ActiveCfg = Release|Win32
		{7F2EB75E-8F61-4C93-8022-CC6738536D30}.Debug|Win32.ActiveCfg = Debug|Win32
		{7F2EB75E-8F61-4C93-8022-CC6738536D30}.Debug|Win32.Build.0 = Debug|Win32
		{7F2EB75E-8F61-4C93-8022-CC6738536D30}.Release|Win32.ActiveCfg = Release|Win32
		{00902D44-CA8B-48F2-9E78-DC9EE51BC1D6}.Debug|Win32.ActiveCfg = Debug|Win32
		{00902D44-CA8B-48F2-9E78-DC9EE51BC1D6}.Debug|Win32.Build.0 = Debug|Win32
		{00902D44-CA8B-48F2-9E78-DC9EE51BC1D6}.Release|Win32.ActiveCfg = Release|Win32
		{A5C35891-3E0D-4CAE-9D12-029A81A60294}.Debug|Win32.ActiveCfg = Debug|Win32
		{A5C35891-3E0D-4CAE-9D12-029A81A60294}.Debug|Win32.Build.0 = Debug|Win32
		{A5C35891-3E0D-4CAE-9D12-029A81A60294}.Release|Win32.ActiveCfg = Release|Win32
		{C9B492B2-7F65-4EB1-BD39-39684E9B8190}.Debug|Win32.ActiveCfg = Debug|Win32
		{C9B492B2-7F65-4EB1-BD39-39684E9B8190}.Debug|Win32.Build.0 = Debug|Win32
		{C9B492B2-7F65-4EB1-BD39-39684E9B8190}.Release|Win32.ActiveCfg = Release|Win32
		{110320B1-08FA-4938-88CA-C5EB4A747BBC}.Debug|Win32.ActiveCfg = Debug|Win32
		{110320B1-08FA-4938-88CA-C5EB4A747BBC}.Debug|Win32.Build.0 = Debug|Win32
		{110320B1-08FA-4938-88CA-C5EB4A747BBC}.Release|Win32.ActiveCfg = Release|Win32
		{944491AF-022C-4EDD-A057-540FC6A13732}.Debug|Win32.ActiveCfg = Debug|Win32
		{944491AF-022C-4EDD-A057-540FC6A13732}.Debug|Win32.Build.0 = Debug|Win32
		{944491AF-022C-4EDD-A057-540FC6A13732}.Release|Win32.ActiveCfg = Release|Win32
		{0A0B3085-BEF3-4BE5-A082-4FC6274EF594}.Debug|Win32.ActiveCfg = Debug|Win32
		{0A0B3085-BEF3-4BE5-A082-4FC6274EF594}.Debug|Win32.Build.0 = Debug|Win32
		{0A0B3085-BEF3-4BE5-A082-4FC6274EF594}.Release|Win32.ActiveCfg = Release|Win32
		{23208B63-7729-42D4-BDAA-9926BC327BCF}.Debug|Win32.ActiveCfg = Debug|Win32
		{23208B63-7729-42D4-BDAA-9926BC327BCF}.Debug|Win32.Build.0 = Debug|Win32
		{23208B63-7729-42D4-BDAA-9926BC327BCF}.Release|Win32.ActiveCfg = Release|Win32
		{12C3D4B4-C145-4F56-A8A8-044EE13D1ABC}.Debug|Win32.ActiveCfg = Debug|Win32
		{12C3D4B4-C145-4F56-A8A8-044EE13D1ABC}.Debug|Win32.Build.0 = Debug|Win32
		{12C3D4B4-C145-4F56-A8A8-044EE13D1ABC}.Release|Win32.ActiveCfg = Release|Win32
		{CB9B95FA-5640-405A-8866-A28F0AC027E2}.Debug|Win32.ActiveCfg = Debug|Win32
		{CB9B95FA-5640-405A-8866-A28F0AC027E2}.Debug|Win32.Build.0 = Debug|Win32
		{CB9B95FA-5640-405A-8866-A28F0AC027E2}.Release|Win32.ActiveCfg = Release|Win32
		{B64F95EB-CA4C-4ED7-85FB-8804169B8BD1}.Debug|Win32.ActiveCfg = Debug|Win32
		{B64F95EB-CA4C-4ED7-85FB-8804169B8BD1}.Debug|Win32.Build.0 = Debug|Win32
		{B64F95EB-CA4C-4ED7-85FB-8804169B8BD1}.Release|Win32.ActiveCfg = Release|Win32
		{2F54D540-A5F6-4B33-B1AC-980A1D336924}.Debug|Win32.ActiveCfg = Debug|Win32
		{2F54D540-A5F6-4B33-B1AC-980A1D336924}.Debug|Win32.Build.0 = Debug|Win32
		{2F54D540-A5F6-4B33-B1AC-980A1D336924}.Release|Win32.ActiveCfg = Release|Win32
		{C5E2C9B4-D2CF-494D-A5DF-E3376AA88783}.Debug|Win32.ActiveCfg = Debug|Win32
		{C5E2C9B4-D2CF-494D-A5DF-E3376AA88783}.Debug|Win32.Build.0 = Debug|Win32
		{C5E2C9B4-D2CF-494D-A5DF-E3376AA88783}.Release|Win32.ActiveCfg = Release|Win32
		{C508FC3C-69C3-4A34-BBCA-1BD81F7556E0}.Debug|Win32.ActiveCfg = Debug|Win32
		{C508FC3C-69C3-4A34-BBCA-1BD81F7556E0}.Debug|Win32.Build.0 = Debug|Win32
		{C508FC3C-69C3-4A34-BBCA-1BD81F7556E0}.Release|Win32.ActiveCfg = Release|Win32
		{58A5A517-795E-4F0C-A34D-C5721EA11EE9}.Debug|Win32.ActiveCfg = Debug|Win32
		{58A5A517-795E-4F0C-A34D-C5721EA11EE9}.Debug|Win32.Build.0 = Debug|Win32
		{58A5A517-795E-4F0C-A34D-C5721EA11EE9}.Release|Win32.ActiveCfg = Release|Win32
		{EC81CA04-805C-4AD8-8193-CB179CA5DEDA}.Debug|Win32.ActiveCfg = Debug|Win32
		{EC81CA04-805C-4AD8-8193-CB179CA5DEDA}.Debug|Win32.Build.0 = Debug|Win32
		{EC81CA04-805C-4AD8-8193-CB179CA5DEDA}.Release|Win32.ActiveCfg = Release|Win32
		{608F6555-DB7E-4A45-8E91-7C74DFC57464}.Debug|Win32.ActiveCfg = Debug|Win32
		{608F6555-DB7E-4A45-8E91-7C74DFC57464}.Debug|Win32.Build.0 = Debug|Win32
		{608F6555-DB7E-4A45-8E91-7C74DFC57464}.Release|Win32.ActiveCfg = Release|Win32
		{608F6555-DB7E-4A45-8E91-7C74DFC57464}.Release|Win32.Build.0 = Release|Win32
		{D59965C8-049F-45AB-A790-8FFB7C14BBD7}.Debug|Win32.ActiveCfg = Debug|Win32
		{D59965C8-049F-45AB-A790-8FFB7C14BBD7}.Debug|Win32.Build.0 = Debug|Win32
		{D59965C8-049F-45AB-A790-8FFB7C14BBD7}.Release|Win32.ActiveCfg = Release|Win32
		{D59965C8-049F-45AB-A790-8FFB7C14BBD7}.Release|Win32.Build.0 = Release|Win32
		{7DAFA119-F0EC-456A-A48E-B7F1F1D4DFFD}.Debug|Win32.ActiveCfg = Debug|Win32
		{7DAFA119-F0EC-456A-A48E-B7F1F1D4DFFD}.Debug|Win32.Build.0 = Debug|Win32
		{7DAFA119-F0EC-456A-A48E-B7F1F1D4DFFD}.Release|Win32.ActiveCfg = Release|Win32
		{7DAFA119-F0EC-456A-A48E-B7F1F1D4DFFD}.Release|Win32.Build.0 = Release|Win32
		{EDEA16CD-9934-4E16-AB2E-C2B59B5562EA}.Debug|Win32.ActiveCfg = Debug|Win32
		{EDEA16CD-9934-4E16-AB2E-C2B59B5562EA}.Debug|Win32.Build.0 = Debug|Win32
		{EDEA16CD-9934-4E16-AB2E-C2B59B5562EA}.Release|Win32.ActiveCfg = Release|Win32
		{EDEA16CD-9934-4E16-AB2E-C2B59B5562EA}.Release|Win32.Build.0 = Release|Win32
		{EEFA3E32-AC4F-4CD9-8B3A-B9142F908AAD}.Debug|Win32.ActiveCfg = Debug|Win32
		{EEFA3E32-AC4F-4CD9-8B3A-B9142F908AAD}.Debug|Win32.Build.0 = Debug|Win32
		{EEFA3E32-AC4F-4CD9-8B3A-B9142F908AAD}.Release|Win32.ActiveCfg = Release|Win32
		{EEFA3E32-AC4F-4CD9-8B3A-B9142F908AAD}.Release|Win32.Build.0 = Release|Win32
		{8046CB9E-7A8B-49C1-85E3-7C7D69322715}.Debug|Win32.ActiveCfg = Debug|Win32
		{8046CB9E-7A8B-49C1-85E3-7C7D69322715}.Debug|Win32.Build.0 = Debug|Win32
		{8046CB9E-7A8B-49C1-85E3-7C7D69322715}.Release|Win32.ActiveCfg = Release|Win32
		{8046CB9E-7A8B-49C1-85E3-7C7D69322715}.Release|Win32.Build.0 = Release|Win32
		{CAA1653A-6394-4D13-8CB1-E1300DCB118F}.Debug|Win32.ActiveCfg = Debug|Win32
		{CAA1653A-6394-4D13-8CB1-E1300DCB118F}.Debug|Win32.Build.0 = Debug|Win32
		{CAA1653A-6394-4D13-8CB1-E1300DCB118F}.Release|Win32.ActiveCfg = Release|Win32
		{CAA1653A-6394-4D13-8CB1-E1300DCB118F}.Release|Win32.Build.0 = Release|Win32
		{3760D880-BB78-47B8-8E74-8D23675EC1D9}.Debug|Win32.ActiveCfg = Debug|Win32
		{3760D880-BB78-47B8-8E74-8D23675EC1D9}.Debug|Win32.Build.0 = Debug|Win32
		{3760D880-BB78-47B8-8E74-8D23675EC1D9}.Release|Win32.ActiveCfg = Release|Win32
		{3760D880-BB78-47B8-8E74-8D23675EC1D9}.Release|Win32.Build.0 = Release|Win32
		{856DFE88-9B27-4F24-8091-5AC841E04606}.Debug|Win32.ActiveCfg = Debug|Win32
		{856DFE88-9B27-4F24-8091-5AC841E04606}.Debug|Win32.Build.0 = Debug|Win32
		{856DFE88-9B27-4F24-8091-5AC841E04606}.Release|Win32.ActiveCfg = Release|Win32
		{856DFE88-9B27-4F24-8091-5AC841E04606}.Release|Win32.Build.0 = Release|Win32
		{D053AB8A-43B9-4DD0-ACB0-51A220B6B119}.Debug|Win32.ActiveCfg = Debug|Win32
		{D053AB8A-43B9-4DD0-ACB0-51A220B6B119}.Debug|Win32.Build.0 = Debug|Win32
		{D053AB8A-43B9-4DD0-ACB0-51A220B6B119}.Release|Win32.ActiveCfg = Release|Win32
		{D053AB8A-43B9-4DD0-ACB0-51A220B6B119}.Release|Win32.Build.0 = Release|Win32
		{28BB7073-EC78-40FD-B76B-FB7FE438CB2C}.Debug|Win32.ActiveCfg = Debug|Win32
		{28BB7073-EC78-40FD-B76B-FB7FE438CB2C}.Debug|Win32.Build.0 = Debug|Win32
		{28BB7073-EC78-40FD-B76B-FB7FE438CB2C}.Release|Win32.ActiveCfg = Release|Win32
		{28BB7073-EC78-40FD-B76B-FB7FE438CB2C}.Release|Win32.Build.0 = Release|Win32
		{6574E732-78E3-4967-A875-495D7B9E52B8}.Debug|Win32.ActiveCfg = Debug|Win32
		{6574E732-78E3-4967-A875-495D7B9E52B8}.Debug|Win32.Build.0 = Debug|Win32
		{6574E732-78E3-4967-A875-495D7B9E52B8}.Release|Win32.ActiveCfg = Release|Win32
		{6574E732-78E3-4967-A875-495D7B9E52B8}.Release|Win32.Build.0 = Release|Win32
		{7A8F8C07-8786-467F-ACD0-E26D0077476C}.Debug|Win32.ActiveCfg = Debug|Win32
		{7A8F8C07-8786-467F-ACD0-E26D0077476C}.Debug|Win32.Build.0 = Debug|Win32
		{7A8F8C07-8786-467F-ACD0-E26D0077476C}.Release|Win32.ActiveCfg = Release|Win32
		{7A8F8C07-8786-467F-ACD0-E26D0077476C}.Release|Win32.Build.0 = Release|Win32
		{15778A58-0C71-4DDF-AC0A-6629F65CECF7}.Debug|Win32.ActiveCfg = Debug|Win32
		{15778A58-0C71-4DDF-AC0A-6629F65CECF7}.Debug|Win32.Build.0 = Debug|Win32
		{15778A58-0C71-4DDF-AC0A-6629F65CECF7}.Release|Win32.ActiveCfg = Release|Win32
		{15778A58-0C71-4DDF-AC0A-6629F65CECF7}.Release|Win32.Build.0 = Release|Win32
		{B97CD059-E431-4683-8F80-99965D314F9C}.Debug|Win32.ActiveCfg = Debug|Win32
		{B97CD059-E431-4683-8F80-99965D314F9C}.Debug|Win32.Build.0 = Debug|Win32
		{B97CD059-E431-4683-8F80-99965D314F9C}.Release|Win32.ActiveCfg = Release|Win32
		{B97CD059-E431-4683-8F80-99965D314F9C}.Release|Win32.Build.0 = Release|Win32
		{8BA435C3-E601-4CE9-A86F-DDDCF7E0F14A}.Debug|Win32.ActiveCfg = Debug|Win32
		{8BA435C3-E601-4CE9-A86F-DDDCF7E0F14A}.Debug|Win32.Build.0 = Debug|Win32
		{8BA435C3-E601-4CE9-A86F-DDDCF7E0F14A}.Release|Win32.ActiveCfg = Release|Win32
		{8BA435C3-E601-4CE9-A86F-DDDCF7E0F14A}.Release|Win32.Build.0 = Release|Win32
		{7BDDDD62-C39B-4BFB-9053-11F39381CB26}.Debug|Win32.ActiveCfg = Debug|Win32
		{7BDDDD62-C39B-4BFB-9053-11F39381CB26}.Debug|Win32.Build.0 = Debug|Win32
		{7BDDDD62-C39B-4BFB-9053-11F39381CB26}.Release|Win32.ActiveCfg = Release|Win32
		{7BDDDD62-C39B-4BFB-9053-11F39381CB26}.Release|Win32.Build.0 = Release|Win32
		{522A4F6A-2CB5-4980-BA64-D7A0FD92D355}.Debug|Win32.ActiveCfg = Debug|Win32
		{522A4F6A-2CB5-4980-BA64-D7A0FD92D355}.Debug|Win32.Build.0 = Debug|Win32
		{522A4F6A-2CB5-4980-BA64-D7A0FD92D355}.Release|Win32.ActiveCfg = Release|Win32
		{522A4F6A-2CB5-4980-BA64-D7A0FD92D355}.Release|Win32.Build.0 = Release|Win32
		{FE7329B9-D0C6-4B0A-9FE2-C35A6CD32903}.Debug|Win32.ActiveCfg = Debug|Win32
		{FE7329B9-D0C6-4B0A-9FE2-C35A6CD32903}.Debug|Win32.Build.0 = Debug|Win32
		{FE7329B9-D0C6-4B0A-9FE2-C35A6CD32903}.Release|Win32.ActiveCfg = Release|Win32
		{FE7329B9-D0C6-4B0A-9FE2-C35A6CD32903}.Release|Win32.Build.0 = Release|Win32
		{58EBE6F3-7725-4D21-8FB6-25D9F94F21CF}.Debug|Win32.ActiveCfg = Debug|Win32
		{58EBE6F3-7725-4D21-8FB6-25D9F94F21CF}.Debug|Win32.Build.0 = Debug|Win32
		{58EBE6F3-7725-4D21-8FB6-25D9F94F21CF}.Release|Win32.ActiveCfg = Release|Win32
		{58EBE6F3-7725-4D21-8FB6-25D9F94F21CF}.Release|Win32.Build.0 = Release|Win32
		{CCCA22BE-31E0-4654-9155-E3CA4CB469BA}.Debug|Win32.ActiveCfg = Debug|Win32
		{CCCA22BE-31E0-4654-9155-E3CA4CB469BA}.Debug|Win32.Build.0 = Debug|Win32
		{CCCA22BE-31E0-4654-9155-E3CA4CB469BA}.Release|Win32.ActiveCfg = Release|Win32
		{CCCA22BE-31E0-4654-9155-E3CA4CB469BA}.Release|Win32.Build.0 = Release|Win32
		{B8B19C94-F9F2-4A7F-87AC-E3941EF3761C}.Debug|Win32.ActiveCfg = Debug|Win32
		{B8B19C94-F9F2-4A7F-87AC-E3941EF3761C}.Debug|Win32.Build.0 = Debug|Win32
		{B8B19C94-F9F2-4A7F-87AC-E3941EF3761C}.Release|Win32.ActiveCfg = Release|Win32
		{B8B19C94-F9F2-4A7F-87AC-E3941EF3761C}.Release|Win32.Build.0 = Release|Win32
		{A60F9F46-37FF-4339-BBD9-F70A270E1518}.Debug|Win32.ActiveCfg = Debug|Win32
		{A60F9F46-37FF-4339-BBD9-F70A270E1518}.Debug|Win32.Build.0 = Debug|Win32
		{A60F9F46-37FF-4339-BBD9-F70A270E1518}.Release|Win32.ActiveCfg = Release|Win32
		{A60F9F46-37FF-4339-BBD9-F70A270E1518}.Release|Win32.Build.0 = Release|Win32
		{0DC88907-8D75-4E8C-8A00-1B1D8F01CB91}.Debug|Win32.ActiveCfg = Debug|Win32
		{0DC88907-8D75-4E8C-8A00-1B1D8F01CB91}.Debug|Win32.Build.0 = Debug|Win32
		{0DC88907-8D75-4E8C-8A00-1B1D8F01CB91}.Release|Win32.ActiveCfg = Release|Win32
		{0DC88907-8D75-4E8C-8A00-1B1D8F01CB91}.Release|Win32.Build.0 = Release|Win32
		{33911B5A-5D6F-4E5A-9EB8-179BEF4F9394}.Debug|Win32.ActiveCfg = Debug|Win32
		{33911B5A-5D6F-4E5A-9EB8-179BEF4F9394}.Debug|Win32.Build.0 = Debug|Win32
		{33911B5A-5D6F-4E5A-9EB8-179BEF4F9394}.Release|Win32.ActiveCfg = Release|Win32
		{33911B5A-5D6F-4E5A-9EB8-179BEF4F9394}.Release|Win32.Build.0 = Release|Win32
		{3A117E50-2636-4B51-AC3D-63FC2A759949}.Debug|Win32.ActiveCfg = Debug|Win32
		{3A117E50-2636-4B51-AC3D-63FC2A759949}.Debug|Win32.Build.0 = Debug|Win32
		{3A117E50-2636-4B51-AC3D-63FC2A759949}.Release|Win32.ActiveCfg = Release|Win32
		{3A117E50-2636-4B51-AC3D-63FC2A759949}.Release|Win32.Build.0 = Release|Win32
		{32B3C2E0-4743-45DB-ADA5-E50D1C366ACD}.Debug|Win32.ActiveCfg = Debug|Win32
		{32B3C2E0-4743-45DB-ADA5-E50D1C366ACD}.Debug|Win32.Build.0 = Debug|Win32
		{32B3C2E0-4743-45DB-ADA5-E50D1C366ACD}.Release|Win32.ActiveCfg = Release|Win32
		{32B3C2E0-4743-45DB-ADA5-E50D1C366ACD}.Release|Win32.Build.0 = Release|Win32
		{1E846624-E0B0-44BE-B8A3-7980DEFB2F1F}.Debug|Win32.ActiveCfg = Debug|Win32
		{1E846624-E0B0-44BE-B8A3-7980DEFB2F1F}.Debug|Win32.Build.0 = Debug|Win32
		{1E846624-E0B0-44BE-B8A3-7980DEFB2F1F}.Release|Win32.ActiveCfg = Release|Win32
		{1E846624-E0B0-44BE-B8A3-7980DEFB2F1F}.Release|Win32.Build.0 = Release|Win32
		{78FCA68D-F077-447E-AA98-2CEAB9CC5C69}.Debug|Win32.ActiveCfg = Debug|Win32
		{78FCA68D-F077-447E-AA98-2CEAB9CC5C69}.Debug|Win32.Build.0 = Debug|Win32
		{78FCA68D-F077-447E-AA98-2CEAB9CC5C69}.Release|Win32.ActiveCfg = Release|Win32
		{78FCA68D-F077-447E-AA98-2CEAB9CC5C69}.Release|Win32.Build.0 = Release|Win32
		{018C1294-7A5A-403C-A4D5-7BD787A64B49}.Debug|Win32.ActiveCfg = Debug|Win32
		{018C1294-7A5A-403C-A4D5-7BD787A64B49}.Debug|Win32.Build.0 = Debug|Win32
		{018C1294-7A5A-403C-A4D5-7BD787A64B49}.Release|Win32.ActiveCfg = Release|Win32
		{018C1294-7A5A-403C-A4D5-7BD787A64B49}.Release|Win32.Build.0 = Release|Win32
		{F6A23D10-BD8C-4907-9E3A-384874E6874D}.Debug|Win32.ActiveCfg = Debug|Win32
		{F6A23D10-BD8C-4907-9E3A-384874E6874D}.Debug|Win32.Build.0 = Debug|Win32
		{F6A23D10-BD8C-4907-9E3A-384874E6874D}.Release|Win32.ActiveCfg = Release|Win32
		{F6A23D10-BD8C-4907-9E3A-384874E6874D}.Release|Win32.Build.0 = Release|Win32
		{84F4AB42-4818-4497-A69F-5E5E4176E809}.Debug|Win32.ActiveCfg = Debug|Win32
		{84F4AB42-4818-4497-A69F-5E5E4176E809}.Debug|Win32.Build.0 = Debug|Win32
		{84F4AB42-4818-4497-A69F-5E5E4176E809}.Release|Win32.ActiveCfg = Release|Win32
		{84F4AB42-4818-4497-A69F-5E5E4176E809}.Release|Win32.Build.0 = Release|Win32
		{57192B47-A0D3-4B3D-A962-7C2CC9F73B00}.Debug|Win32.ActiveCfg = Debug|Win32
		{57192B47-A0D3-4B3D-A962-7C2CC9F73B00}.Debug|Win32.Build.0 = Debug|Win32
		{57192B47-A0D3-4B3D-A962-7C2CC9F73B00}.Release|Win32.ActiveCfg = Release|Win32
		{57192B47-A0D3-4B3D-A962-7C2CC9F73B00}.Release|Win32.Build.0 = Release|Win32
		{102D9245-088A-4C0C-B4B8-A08AC11CDC78}.Debug|Win32.ActiveCfg = Debug|Win32
		{102D9245-088A-4C0C-B4B8-A08AC11CDC78}.Debug|Win32.Build.0 = Debug|Win32
		{102D9245-088A-4C0C-B4B8-A08AC11CDC78}.Release|Win32.ActiveCfg = Release|Win32
		{102D9245-088A-4C0C-B4B8-A08AC11CDC78}.Release|Win32.Build.0 = Release|Win32
		{ABDCBC89-7F3B-424C-A755-956A8E976738}.Debug|Win32.ActiveCfg = Debug|Win32
		{ABDCBC89-7F3B-424C-A755-956A8E976738}.Debug|Win32.Build.0 = Debug|Win32
		{ABDCBC89-7F3B-424C-A755-956A8E976738}.Release|Win32.ActiveCfg = Release|Win32
		{ABDCBC89-7F3B-424C-A755-956A8E976738}.Release|Win32.Build.0 = Release|Win32
		{EC9D65F5-DFB5-46AC-8C7B-C05A3C2B04E6}.Debug|Win32.ActiveCfg = Debug|Win32
		{EC9D65F5-DFB5-46AC-8C7B-C05A3C2B04E6}.Debug|Win32.Build.0 = Debug|Win32
		{EC9D65F5-DFB5-46AC-8C7B-C05A3C2B04E6}.Release|Win32.ActiveCfg = Release|Win32
		{EC9D65F5-DFB5-46AC-8C7B-C05A3C2B04E6}.Release|Win32.Build.0 = Release|Win32
	EndGlobalSection
	GlobalSection(SolutionProperties) = preSolution
		HideSolutionNode = FALSE
	EndGlobalSection
	GlobalSection(NestedProjects) = preSolution
		{5B9F3CAA-633D-4D6D-87AF-3C4781D27E7C} = {A3D52C9B-5BDA-4074-9A30-6F82A200B1A3}
		{37C10B52-F4A6-442E-A450-95F9DED9720B} = {A3D52C9B-5BDA-4074-9A30-6F82A200B1A3}
		{7F2EB75E-8F61-4C93-8022-CC6738536D30} = {A3D52C9B-5BDA-4074-9A30-6F82A200B1A3}
		{00902D44-CA8B-48F2-9E78-DC9EE51BC1D6} = {A3D52C9B-5BDA-4074-9A30-6F82A200B1A3}
		{A5C35891-3E0D-4CAE-9D12-029A81A60294} = {A3D52C9B-5BDA-4074-9A30-6F82A200B1A3}
		{C9B492B2-7F65-4EB1-BD39-39684E9B8190} = {A3D52C9B-5BDA-4074-9A30-6F82A200B1A3}
		{A764D76E-8AEE-46C9-B5BD-5AE6673C8234} = {A3D52C9B-5BDA-4074-9A30-6F82A200B1A3}
		{110320B1-08FA-4938-88CA-C5EB4A747BBC} = {A90196D4-A7F1-4CF5-9A2D-53159ABAA78A}
		{944491AF-022C-4EDD-A057-540FC6A13732} = {A90196D4-A7F1-4CF5-9A2D-53159ABAA78A}
		{0A0B3085-BEF3-4BE5-A082-4FC6274EF594} = {A90196D4-A7F1-4CF5-9A2D-53159ABAA78A}
		{23208B63-7729-42D4-BDAA-9926BC327BCF} = {A90196D4-A7F1-4CF5-9A2D-53159ABAA78A}
		{12C3D4B4-C145-4F56-A8A8-044EE13D1ABC} = {A90196D4-A7F1-4CF5-9A2D-53159ABAA78A}
		{CB9B95FA-5640-405A-8866-A28F0AC027E2} = {BBF6ACA0-5469-4F4C-A72F-A76C3416CEE3}
		{B64F95EB-CA4C-4ED7-85FB-8804169B8BD1} = {BBF6ACA0-5469-4F4C-A72F-A76C3416CEE3}
		{2F54D540-A5F6-4B33-B1AC-980A1D336924} = {BBF6ACA0-5469-4F4C-A72F-A76C3416CEE3}
		{C5E2C9B4-D2CF-494D-A5DF-E3376AA88783} = {BBF6ACA0-5469-4F4C-A72F-A76C3416CEE3}
		{C508FC3C-69C3-4A34-BBCA-1BD81F7556E0} = {BBF6ACA0-5469-4F4C-A72F-A76C3416CEE3}
		{58A5A517-795E-4F0C-A34D-C5721EA11EE9} = {BBF6ACA0-5469-4F4C-A72F-A76C3416CEE3}
		{608F6555-DB7E-4A45-8E91-7C74DFC57464} = {7209D454-9C69-4A01-BF6B-A374D4CD052D}
		{D59965C8-049F-45AB-A790-8FFB7C14BBD7} = {7209D454-9C69-4A01-BF6B-A374D4CD052D}
		{7DAFA119-F0EC-456A-A48E-B7F1F1D4DFFD} = {7209D454-9C69-4A01-BF6B-A374D4CD052D}
		{EDEA16CD-9934-4E16-AB2E-C2B59B5562EA} = {7209D454-9C69-4A01-BF6B-A374D4CD052D}
		{EEFA3E32-AC4F-4CD9-8B3A-B9142F908AAD} = {7209D454-9C69-4A01-BF6B-A374D4CD052D}
		{8046CB9E-7A8B-49C1-85E3-7C7D69322715} = {FD32257D-BFF3-4381-AA9B-925C8727E5F7}
		{CAA1653A-6394-4D13-8CB1-E1300DCB118F} = {FD32257D-BFF3-4381-AA9B-925C8727E5F7}
		{3760D880-BB78-47B8-8E74-8D23675EC1D9} = {FD32257D-BFF3-4381-AA9B-925C8727E5F7}
		{856DFE88-9B27-4F24-8091-5AC841E04606} = {FD32257D-BFF3-4381-AA9B-925C8727E5F7}
		{D053AB8A-43B9-4DD0-ACB0-51A220B6B119} = {FD32257D-BFF3-4381-AA9B-925C8727E5F7}
		{28BB7073-EC78-40FD-B76B-FB7FE438CB2C} = {FD32257D-BFF3-4381-AA9B-925C8727E5F7}
		{6574E732-78E3-4967-A875-495D7B9E52B8} = {DE891505-6D34-4026-B9E1-E1D85BC90BEC}
		{7A8F8C07-8786-467F-ACD0-E26D0077476C} = {9D9AF26B-1E25-46E0-B636-5931242ABB0B}
		{15778A58-0C71-4DDF-AC0A-6629F65CECF7} = {9D9AF26B-1E25-46E0-B636-5931242ABB0B}
		{B97CD059-E431-4683-8F80-99965D314F9C} = {9D9AF26B-1E25-46E0-B636-5931242ABB0B}
		{8BA435C3-E601-4CE9-A86F-DDDCF7E0F14A} = {9D9AF26B-1E25-46E0-B636-5931242ABB0B}
		{7BDDDD62-C39B-4BFB-9053-11F39381CB26} = {9D9AF26B-1E25-46E0-B636-5931242ABB0B}
		{522A4F6A-2CB5-4980-BA64-D7A0FD92D355} = {9D9AF26B-1E25-46E0-B636-5931242ABB0B}
		{FE7329B9-D0C6-4B0A-9FE2-C35A6CD32903} = {9D9AF26B-1E25-46E0-B636-5931242ABB0B}
		{58EBE6F3-7725-4D21-8FB6-25D9F94F21CF} = {9D9AF26B-1E25-46E0-B636-5931242ABB0B}
		{CCCA22BE-31E0-4654-9155-E3CA4CB469BA} = {3239A4D5-6A99-4D9E-AF63-510B8CB7CD6A}
		{B8B19C94-F9F2-4A7F-87AC-E3941EF3761C} = {3239A4D5-6A99-4D9E-AF63-510B8CB7CD6A}
		{A60F9F46-37FF-4339-BBD9-F70A270E1518} = {3239A4D5-6A99-4D9E-AF63-510B8CB7CD6A}
		{0DC88907-8D75-4E8C-8A00-1B1D8F01CB91} = {3239A4D5-6A99-4D9E-AF63-510B8CB7CD6A}
		{33911B5A-5D6F-4E5A-9EB8-179BEF4F9394} = {3239A4D5-6A99-4D9E-AF63-510B8CB7CD6A}
		{3A117E50-2636-4B51-AC3D-63FC2A759949} = {3239A4D5-6A99-4D9E-AF63-510B8CB7CD6A}
		{32B3C2E0-4743-45DB-ADA5-E50D1C366ACD} = {C0AA855A-5AB7-4CAD-8770-DC0ED0059F5F}
		{1E846624-E0B0-44BE-B8A3-7980DEFB2F1F} = {C0AA855A-5AB7-4CAD-8770-DC0ED0059F5F}
		{78FCA68D-F077-447E-AA98-2CEAB9CC5C69} = {C0AA855A-5AB7-4CAD-8770-DC0ED0059F5F}
		{018C1294-7A5A-403C-A4D5-7BD787A64B49} = {C0AA855A-5AB7-4CAD-8770-DC0ED0059F5F}
		{F6A23D10-BD8C-4907-9E3A-384874E6874D} = {C0AA855A-5AB7-4CAD-8770-DC0ED0059F5F}
		{84F4AB42-4818-4497-A69F-5E5E4176E809} = {3C2F6452-8345-4C5E-96FC-6B12547199F7}
		{57192B47-A0D3-4B3D-A962-7C2CC9F73B00} = {3C2F6452-8345-4C5E-96FC-6B12547199F7}
		{102D9245-088A-4C0C-B4B8-A08AC11CDC78} = {3C2F6452-8345-4C5E-96FC-6B12547199F7}
		{ABDCBC89-7F3B-424C-A755-956A8E976738} = {3C2F6452-8345-4C5E-96FC-6B12547199F7}
		{EC9D65F5-DFB5-46AC-8C7B-C05A3C2B04E6} = {3C2F6452-8345-4C5E-96FC-6B12547199F7}
	EndGlobalSection
EndGlobal
